
Microsoft Visual Studio Solution File, Format Version 12.00
# Visual Studio 2013
VisualStudioVersion = 12.0.30626.0
MinimumVisualStudioVersion = 10.0.40219.1
Project("{FAE04EC0-301F-11D3-BF4B-00C04F79EFBC}") = "MineApp.iOS", "MineApp\MineApp.iOS\MineApp.iOS.csproj", "{952C8DAB-0275-4E60-8232-5444ABCF3947}"
EndProject
Project("{FAE04EC0-301F-11D3-BF4B-00C04F79EFBC}") = "MineApp.Android", "MineApp\MineApp.Android\MineApp.Android.csproj", "{F5B51466-7EB8-4C1C-87E1-2B388D79A07D}"
EndProject
Project("{D954291E-2A0B-460D-934E-DC6B0785DB48}") = "MineApp", "MineApp\MineApp\MineApp.shproj", "{456518ED-6FA4-41B8-A1F2-C7AE1CBED70C}"
EndProject
Project("{FAE04EC0-301F-11D3-BF4B-00C04F79EFBC}") = "MineApp.Services", "MineApp.Services\MineApp.Services.csproj", "{67F9D3A8-F71E-4428-913F-C37AE82CDB24}"
EndProject
Global
	GlobalSection(SharedMSBuildProjectFiles) = preSolution
		MineApp\MineApp\MineApp.projitems*{f5b51466-7eb8-4c1c-87e1-2b388d79a07d}*SharedItemsImports = 4
		MineApp\MineApp\MineApp.projitems*{952c8dab-0275-4e60-8232-5444abcf3947}*SharedItemsImports = 4
		MineApp\MineApp\MineApp.projitems*{456518ed-6fa4-41b8-a1f2-c7ae1cbed70c}*SharedItemsImports = 13
	EndGlobalSection
	GlobalSection(SolutionConfigurationPlatforms) = preSolution
		Ad-Hoc|Any CPU = Ad-Hoc|Any CPU
		Ad-Hoc|ARM = Ad-Hoc|ARM
		Ad-Hoc|iPhone = Ad-Hoc|iPhone
		Ad-Hoc|iPhoneSimulator = Ad-Hoc|iPhoneSimulator
		Ad-Hoc|Mixed Platforms = Ad-Hoc|Mixed Platforms
		Ad-Hoc|x86 = Ad-Hoc|x86
		AppStore|Any CPU = AppStore|Any CPU
		AppStore|ARM = AppStore|ARM
		AppStore|iPhone = AppStore|iPhone
		AppStore|iPhoneSimulator = AppStore|iPhoneSimulator
		AppStore|Mixed Platforms = AppStore|Mixed Platforms
		AppStore|x86 = AppStore|x86
		Debug|Any CPU = Debug|Any CPU
		Debug|ARM = Debug|ARM
		Debug|iPhone = Debug|iPhone
		Debug|iPhoneSimulator = Debug|iPhoneSimulator
		Debug|Mixed Platforms = Debug|Mixed Platforms
		Debug|x86 = Debug|x86
		Release|Any CPU = Release|Any CPU
		Release|ARM = Release|ARM
		Release|iPhone = Release|iPhone
		Release|iPhoneSimulator = Release|iPhoneSimulator
		Release|Mixed Platforms = Release|Mixed Platforms
		Release|x86 = Release|x86
	EndGlobalSection
	GlobalSection(ProjectConfigurationPlatforms) = postSolution
		{952C8DAB-0275-4E60-8232-5444ABCF3947}.Ad-Hoc|Any CPU.ActiveCfg = Ad-Hoc|iPhone
		{952C8DAB-0275-4E60-8232-5444ABCF3947}.Ad-Hoc|ARM.ActiveCfg = Ad-Hoc|iPhone
		{952C8DAB-0275-4E60-8232-5444ABCF3947}.Ad-Hoc|iPhone.ActiveCfg = Ad-Hoc|iPhone
		{952C8DAB-0275-4E60-8232-5444ABCF3947}.Ad-Hoc|iPhone.Build.0 = Ad-Hoc|iPhone
		{952C8DAB-0275-4E60-8232-5444ABCF3947}.Ad-Hoc|iPhone.Deploy.0 = Ad-Hoc|iPhone
		{952C8DAB-0275-4E60-8232-5444ABCF3947}.Ad-Hoc|iPhoneSimulator.ActiveCfg = Ad-Hoc|iPhoneSimulator
		{952C8DAB-0275-4E60-8232-5444ABCF3947}.Ad-Hoc|iPhoneSimulator.Build.0 = Ad-Hoc|iPhoneSimulator
		{952C8DAB-0275-4E60-8232-5444ABCF3947}.Ad-Hoc|iPhoneSimulator.Deploy.0 = Ad-Hoc|iPhoneSimulator
		{952C8DAB-0275-4E60-8232-5444ABCF3947}.Ad-Hoc|Mixed Platforms.ActiveCfg = Ad-Hoc|iPhone
		{952C8DAB-0275-4E60-8232-5444ABCF3947}.Ad-Hoc|Mixed Platforms.Build.0 = Ad-Hoc|iPhone
		{952C8DAB-0275-4E60-8232-5444ABCF3947}.Ad-Hoc|Mixed Platforms.Deploy.0 = Ad-Hoc|iPhone
		{952C8DAB-0275-4E60-8232-5444ABCF3947}.Ad-Hoc|x86.ActiveCfg = Ad-Hoc|iPhone
		{952C8DAB-0275-4E60-8232-5444ABCF3947}.AppStore|Any CPU.ActiveCfg = AppStore|iPhone
		{952C8DAB-0275-4E60-8232-5444ABCF3947}.AppStore|ARM.ActiveCfg = AppStore|iPhone
		{952C8DAB-0275-4E60-8232-5444ABCF3947}.AppStore|iPhone.ActiveCfg = AppStore|iPhone
		{952C8DAB-0275-4E60-8232-5444ABCF3947}.AppStore|iPhone.Build.0 = AppStore|iPhone
		{952C8DAB-0275-4E60-8232-5444ABCF3947}.AppStore|iPhone.Deploy.0 = AppStore|iPhone
		{952C8DAB-0275-4E60-8232-5444ABCF3947}.AppStore|iPhoneSimulator.ActiveCfg = AppStore|iPhoneSimulator
		{952C8DAB-0275-4E60-8232-5444ABCF3947}.AppStore|iPhoneSimulator.Build.0 = AppStore|iPhoneSimulator
		{952C8DAB-0275-4E60-8232-5444ABCF3947}.AppStore|iPhoneSimulator.Deploy.0 = AppStore|iPhoneSimulator
		{952C8DAB-0275-4E60-8232-5444ABCF3947}.AppStore|Mixed Platforms.ActiveCfg = AppStore|iPhone
		{952C8DAB-0275-4E60-8232-5444ABCF3947}.AppStore|Mixed Platforms.Build.0 = AppStore|iPhone
		{952C8DAB-0275-4E60-8232-5444ABCF3947}.AppStore|Mixed Platforms.Deploy.0 = AppStore|iPhone
		{952C8DAB-0275-4E60-8232-5444ABCF3947}.AppStore|x86.ActiveCfg = AppStore|iPhone
		{952C8DAB-0275-4E60-8232-5444ABCF3947}.Debug|Any CPU.ActiveCfg = Debug|iPhone
		{952C8DAB-0275-4E60-8232-5444ABCF3947}.Debug|ARM.ActiveCfg = Debug|iPhone
		{952C8DAB-0275-4E60-8232-5444ABCF3947}.Debug|iPhone.ActiveCfg = Debug|iPhone
		{952C8DAB-0275-4E60-8232-5444ABCF3947}.Debug|iPhone.Build.0 = Debug|iPhone
		{952C8DAB-0275-4E60-8232-5444ABCF3947}.Debug|iPhone.Deploy.0 = Debug|iPhone
		{952C8DAB-0275-4E60-8232-5444ABCF3947}.Debug|iPhoneSimulator.ActiveCfg = Debug|iPhoneSimulator
		{952C8DAB-0275-4E60-8232-5444ABCF3947}.Debug|iPhoneSimulator.Build.0 = Debug|iPhoneSimulator
		{952C8DAB-0275-4E60-8232-5444ABCF3947}.Debug|iPhoneSimulator.Deploy.0 = Debug|iPhoneSimulator
		{952C8DAB-0275-4E60-8232-5444ABCF3947}.Debug|Mixed Platforms.ActiveCfg = Debug|iPhone
		{952C8DAB-0275-4E60-8232-5444ABCF3947}.Debug|Mixed Platforms.Build.0 = Debug|iPhone
		{952C8DAB-0275-4E60-8232-5444ABCF3947}.Debug|Mixed Platforms.Deploy.0 = Debug|iPhone
		{952C8DAB-0275-4E60-8232-5444ABCF3947}.Debug|x86.ActiveCfg = Debug|iPhone
		{952C8DAB-0275-4E60-8232-5444ABCF3947}.Release|Any CPU.ActiveCfg = Release|iPhone
		{952C8DAB-0275-4E60-8232-5444ABCF3947}.Release|ARM.ActiveCfg = Release|iPhone
		{952C8DAB-0275-4E60-8232-5444ABCF3947}.Release|iPhone.ActiveCfg = Release|iPhone
		{952C8DAB-0275-4E60-8232-5444ABCF3947}.Release|iPhone.Build.0 = Release|iPhone
		{952C8DAB-0275-4E60-8232-5444ABCF3947}.Release|iPhone.Deploy.0 = Release|iPhone
		{952C8DAB-0275-4E60-8232-5444ABCF3947}.Release|iPhoneSimulator.ActiveCfg = Release|iPhoneSimulator
		{952C8DAB-0275-4E60-8232-5444ABCF3947}.Release|iPhoneSimulator.Build.0 = Release|iPhoneSimulator
		{952C8DAB-0275-4E60-8232-5444ABCF3947}.Release|iPhoneSimulator.Deploy.0 = Release|iPhoneSimulator
		{952C8DAB-0275-4E60-8232-5444ABCF3947}.Release|Mixed Platforms.ActiveCfg = Release|iPhone
		{952C8DAB-0275-4E60-8232-5444ABCF3947}.Release|Mixed Platforms.Build.0 = Release|iPhone
		{952C8DAB-0275-4E60-8232-5444ABCF3947}.Release|Mixed Platforms.Deploy.0 = Release|iPhone
		{952C8DAB-0275-4E60-8232-5444ABCF3947}.Release|x86.ActiveCfg = Release|iPhone
		{F5B51466-7EB8-4C1C-87E1-2B388D79A07D}.Ad-Hoc|Any CPU.ActiveCfg = Release|Any CPU
		{F5B51466-7EB8-4C1C-87E1-2B388D79A07D}.Ad-Hoc|Any CPU.Build.0 = Release|Any CPU
		{F5B51466-7EB8-4C1C-87E1-2B388D79A07D}.Ad-Hoc|Any CPU.Deploy.0 = Release|Any CPU
		{F5B51466-7EB8-4C1C-87E1-2B388D79A07D}.Ad-Hoc|ARM.ActiveCfg = Release|Any CPU
		{F5B51466-7EB8-4C1C-87E1-2B388D79A07D}.Ad-Hoc|iPhone.ActiveCfg = Release|Any CPU
		{F5B51466-7EB8-4C1C-87E1-2B388D79A07D}.Ad-Hoc|iPhoneSimulator.ActiveCfg = Release|Any CPU
		{F5B51466-7EB8-4C1C-87E1-2B388D79A07D}.Ad-Hoc|Mixed Platforms.ActiveCfg = Release|Any CPU
		{F5B51466-7EB8-4C1C-87E1-2B388D79A07D}.Ad-Hoc|Mixed Platforms.Build.0 = Release|Any CPU
		{F5B51466-7EB8-4C1C-87E1-2B388D79A07D}.Ad-Hoc|Mixed Platforms.Deploy.0 = Release|Any CPU
		{F5B51466-7EB8-4C1C-87E1-2B388D79A07D}.Ad-Hoc|x86.ActiveCfg = Release|Any CPU
		{F5B51466-7EB8-4C1C-87E1-2B388D79A07D}.AppStore|Any CPU.ActiveCfg = Release|Any CPU
		{F5B51466-7EB8-4C1C-87E1-2B388D79A07D}.AppStore|Any CPU.Build.0 = Release|Any CPU
		{F5B51466-7EB8-4C1C-87E1-2B388D79A07D}.AppStore|Any CPU.Deploy.0 = Release|Any CPU
		{F5B51466-7EB8-4C1C-87E1-2B388D79A07D}.AppStore|ARM.ActiveCfg = Release|Any CPU
		{F5B51466-7EB8-4C1C-87E1-2B388D79A07D}.AppStore|iPhone.ActiveCfg = Release|Any CPU
		{F5B51466-7EB8-4C1C-87E1-2B388D79A07D}.AppStore|iPhoneSimulator.ActiveCfg = Release|Any CPU
		{F5B51466-7EB8-4C1C-87E1-2B388D79A07D}.AppStore|Mixed Platforms.ActiveCfg = Release|Any CPU
		{F5B51466-7EB8-4C1C-87E1-2B388D79A07D}.AppStore|Mixed Platforms.Build.0 = Release|Any CPU
		{F5B51466-7EB8-4C1C-87E1-2B388D79A07D}.AppStore|Mixed Platforms.Deploy.0 = Release|Any CPU
		{F5B51466-7EB8-4C1C-87E1-2B388D79A07D}.AppStore|x86.ActiveCfg = Release|Any CPU
		{F5B51466-7EB8-4C1C-87E1-2B388D79A07D}.Debug|Any CPU.ActiveCfg = Debug|Any CPU
		{F5B51466-7EB8-4C1C-87E1-2B388D79A07D}.Debug|Any CPU.Build.0 = Debug|Any CPU
		{F5B51466-7EB8-4C1C-87E1-2B388D79A07D}.Debug|Any CPU.Deploy.0 = Debug|Any CPU
		{F5B51466-7EB8-4C1C-87E1-2B388D79A07D}.Debug|ARM.ActiveCfg = Debug|Any CPU
		{F5B51466-7EB8-4C1C-87E1-2B388D79A07D}.Debug|iPhone.ActiveCfg = Debug|Any CPU
		{F5B51466-7EB8-4C1C-87E1-2B388D79A07D}.Debug|iPhoneSimulator.ActiveCfg = Debug|Any CPU
		{F5B51466-7EB8-4C1C-87E1-2B388D79A07D}.Debug|Mixed Platforms.ActiveCfg = Debug|Any CPU
		{F5B51466-7EB8-4C1C-87E1-2B388D79A07D}.Debug|Mixed Platforms.Build.0 = Debug|Any CPU
		{F5B51466-7EB8-4C1C-87E1-2B388D79A07D}.Debug|Mixed Platforms.Deploy.0 = Debug|Any CPU
		{F5B51466-7EB8-4C1C-87E1-2B388D79A07D}.Debug|x86.ActiveCfg = Debug|Any CPU
		{F5B51466-7EB8-4C1C-87E1-2B388D79A07D}.Release|Any CPU.ActiveCfg = Release|Any CPU
		{F5B51466-7EB8-4C1C-87E1-2B388D79A07D}.Release|Any CPU.Build.0 = Release|Any CPU
		{F5B51466-7EB8-4C1C-87E1-2B388D79A07D}.Release|Any CPU.Deploy.0 = Release|Any CPU
		{F5B51466-7EB8-4C1C-87E1-2B388D79A07D}.Release|ARM.ActiveCfg = Release|Any CPU
		{F5B51466-7EB8-4C1C-87E1-2B388D79A07D}.Release|iPhone.ActiveCfg = Release|Any CPU
		{F5B51466-7EB8-4C1C-87E1-2B388D79A07D}.Release|iPhoneSimulator.ActiveCfg = Release|Any CPU
		{F5B51466-7EB8-4C1C-87E1-2B388D79A07D}.Release|Mixed Platforms.ActiveCfg = Release|Any CPU
		{F5B51466-7EB8-4C1C-87E1-2B388D79A07D}.Release|Mixed Platforms.Build.0 = Release|Any CPU
		{F5B51466-7EB8-4C1C-87E1-2B388D79A07D}.Release|Mixed Platforms.Deploy.0 = Release|Any CPU
		{F5B51466-7EB8-4C1C-87E1-2B388D79A07D}.Release|x86.ActiveCfg = Release|Any CPU
		{67F9D3A8-F71E-4428-913F-C37AE82CDB24}.Ad-Hoc|Any CPU.ActiveCfg = Release|Any CPU
		{67F9D3A8-F71E-4428-913F-C37AE82CDB24}.Ad-Hoc|Any CPU.Build.0 = Release|Any CPU
		{67F9D3A8-F71E-4428-913F-C37AE82CDB24}.Ad-Hoc|ARM.ActiveCfg = Release|Any CPU
		{67F9D3A8-F71E-4428-913F-C37AE82CDB24}.Ad-Hoc|iPhone.ActiveCfg = Release|Any CPU
		{67F9D3A8-F71E-4428-913F-C37AE82CDB24}.Ad-Hoc|iPhoneSimulator.ActiveCfg = Release|Any CPU
		{67F9D3A8-F71E-4428-913F-C37AE82CDB24}.Ad-Hoc|Mixed Platforms.ActiveCfg = Release|Any CPU
		{67F9D3A8-F71E-4428-913F-C37AE82CDB24}.Ad-Hoc|Mixed Platforms.Build.0 = Release|Any CPU
		{67F9D3A8-F71E-4428-913F-C37AE82CDB24}.Ad-Hoc|x86.ActiveCfg = Release|Any CPU
		{67F9D3A8-F71E-4428-913F-C37AE82CDB24}.AppStore|Any CPU.ActiveCfg = Release|Any CPU
		{67F9D3A8-F71E-4428-913F-C37AE82CDB24}.AppStore|Any CPU.Build.0 = Release|Any CPU
		{67F9D3A8-F71E-4428-913F-C37AE82CDB24}.AppStore|ARM.ActiveCfg = Release|Any CPU
		{67F9D3A8-F71E-4428-913F-C37AE82CDB24}.AppStore|iPhone.ActiveCfg = Release|Any CPU
		{67F9D3A8-F71E-4428-913F-C37AE82CDB24}.AppStore|iPhoneSimulator.ActiveCfg = Release|Any CPU
		{67F9D3A8-F71E-4428-913F-C37AE82CDB24}.AppStore|Mixed Platforms.ActiveCfg = Release|Any CPU
		{67F9D3A8-F71E-4428-913F-C37AE82CDB24}.AppStore|Mixed Platforms.Build.0 = Release|Any CPU
		{67F9D3A8-F71E-4428-913F-C37AE82CDB24}.AppStore|x86.ActiveCfg = Release|Any CPU
		{67F9D3A8-F71E-4428-913F-C37AE82CDB24}.Debug|Any CPU.ActiveCfg = Debug|Any CPU
		{67F9D3A8-F71E-4428-913F-C37AE82CDB24}.Debug|Any CPU.Build.0 = Debug|Any CPU
		{67F9D3A8-F71E-4428-913F-C37AE82CDB24}.Debug|ARM.ActiveCfg = Debug|Any CPU
		{67F9D3A8-F71E-4428-913F-C37AE82CDB24}.Debug|iPhone.ActiveCfg = Debug|Any CPU
		{67F9D3A8-F71E-4428-913F-C37AE82CDB24}.Debug|iPhoneSimulator.ActiveCfg = Debug|Any CPU
		{67F9D3A8-F71E-4428-913F-C37AE82CDB24}.Debug|Mixed Platforms.ActiveCfg = Debug|Any CPU
		{67F9D3A8-F71E-4428-913F-C37AE82CDB24}.Debug|Mixed Platforms.Build.0 = Debug|Any CPU
		{67F9D3A8-F71E-4428-913F-C37AE82CDB24}.Debug|x86.ActiveCfg = Debug|Any CPU
		{67F9D3A8-F71E-4428-913F-C37AE82CDB24}.Release|Any CPU.ActiveCfg = Release|Any CPU
		{67F9D3A8-F71E-4428-913F-C37AE82CDB24}.Release|Any CPU.Build.0 = Release|Any CPU
		{67F9D3A8-F71E-4428-913F-C37AE82CDB24}.Release|ARM.ActiveCfg = Release|Any CPU
		{67F9D3A8-F71E-4428-913F-C37AE82CDB24}.Release|iPhone.ActiveCfg = Release|Any CPU
		{67F9D3A8-F71E-4428-913F-C37AE82CDB24}.Release|iPhoneSimulator.ActiveCfg = Release|Any CPU
		{67F9D3A8-F71E-4428-913F-C37AE82CDB24}.Release|Mixed Platforms.ActiveCfg = Release|Any CPU
		{67F9D3A8-F71E-4428-913F-C37AE82CDB24}.Release|Mixed Platforms.Build.0 = Release|Any CPU
		{67F9D3A8-F71E-4428-913F-C37AE82CDB24}.Release|x86.ActiveCfg = Release|Any CPU
	EndGlobalSection
	GlobalSection(SolutionProperties) = preSolution
		HideSolutionNode = FALSE
	EndGlobalSection
	GlobalSection(MonoDevelopProperties) = preSolution
		StartupItem = MineApp\MineApp.Android\MineApp.Android.csproj
	EndGlobalSection
EndGlobal
